{
  "requires": true,
  "lockfileVersion": 1,
  "dependencies": {
    "simple-web-worker": {
      "version": "1.2.0",
      "resolved": "https://registry.npmjs.org/simple-web-worker/-/simple-web-worker-1.2.0.tgz",
      "integrity": "sha512-+okbi2fpRokCZoCgdWqb+2kOykkdcSnLkdz54EivlqACst5TSqJRLXPiilAjlkwW9Z0SRwev74qKMc+3jIVL0g=="
    },
    "vue-worker": {
      "version": "1.2.1",
      "resolved": "https://registry.npmjs.org/vue-worker/-/vue-worker-1.2.1.tgz",
      "integrity": "sha512-feu5cWI0ztoSSIZxVvaCWLBEKUG1pCJqVkKmWvyrkUfOqMuOkklmY8iX5kaJTSsRuvVFPEkTExkMXM6+Nkec1Q==",
      "requires": {
        "simple-web-worker": "1.2.0"
      }
    }
  }
}
